
Microsoft Visual Studio Solution File, Format Version 12.00
# Visual Studio Version 16
VisualStudioVersion = 16.0.29411.108
MinimumVisualStudioVersion = 10.0.40219.1
Project("{FAE04EC0-301F-11D3-BF4B-00C04F79EFBC}") = "AdventurePals", "AdventurePals\AdventurePals.csproj", "{154FAA9E-8102-4E8F-9122-0DDB995DBFA3}"
EndProject
Global
	GlobalSection(SolutionConfigurationPlatforms) = preSolution
		Debug|Any CPU = Debug|Any CPU
		Release|Any CPU = Release|Any CPU
	EndGlobalSection
	GlobalSection(ProjectConfigurationPlatforms) = postSolution
		{154FAA9E-8102-4E8F-9122-0DDB995DBFA3}.Debug|Any CPU.ActiveCfg = Debug|Any CPU
		{154FAA9E-8102-4E8F-9122-0DDB995DBFA3}.Debug|Any CPU.Build.0 = Debug|Any CPU
		{154FAA9E-8102-4E8F-9122-0DDB995DBFA3}.Release|Any CPU.ActiveCfg = Release|Any CPU
		{154FAA9E-8102-4E8F-9122-0DDB995DBFA3}.Release|Any CPU.Build.0 = Release|Any CPU
	EndGlobalSection
	GlobalSection(SolutionProperties) = preSolution
		HideSolutionNode = FALSE
	EndGlobalSection
	GlobalSection(ExtensibilityGlobals) = postSolution
		SolutionGuid = {4627D001-3260-4831-9C47-49F7D9C8BE37}
	EndGlobalSection
EndGlobal
